
Microsoft Visual Studio Solution File, Format Version 12.00
# Visual Studio Version 17
VisualStudioVersion = 17.3.32929.385
MinimumVisualStudioVersion = 10.0.40219.1
Project("{FAE04EC0-301F-11D3-BF4B-00C04F79EFBC}") = "lab2_trpo_task1", "lab2_trpo_task1.csproj", "{831AE48B-9DF7-46E4-A1EE-3AE93D384A7E}"
EndProject
Project("{FAE04EC0-301F-11D3-BF4B-00C04F79EFBC}") = "lab2_trpo_task2", "..\lab2_trpo_task2\lab2_trpo_task2.csproj", "{FAC9396A-0239-4884-BCCD-BAA60A9DAEB7}"
EndProject
Global
	GlobalSection(SolutionConfigurationPlatforms) = preSolution
		Debug|Any CPU = Debug|Any CPU
		Release|Any CPU = Release|Any CPU
	EndGlobalSection
	GlobalSection(ProjectConfigurationPlatforms) = postSolution
		{831AE48B-9DF7-46E4-A1EE-3AE93D384A7E}.Debug|Any CPU.ActiveCfg = Debug|Any CPU
		{831AE48B-9DF7-46E4-A1EE-3AE93D384A7E}.Debug|Any CPU.Build.0 = Debug|Any CPU
		{831AE48B-9DF7-46E4-A1EE-3AE93D384A7E}.Release|Any CPU.ActiveCfg = Release|Any CPU
		{831AE48B-9DF7-46E4-A1EE-3AE93D384A7E}.Release|Any CPU.Build.0 = Release|Any CPU
		{FAC9396A-0239-4884-BCCD-BAA60A9DAEB7}.Debug|Any CPU.ActiveCfg = Debug|Any CPU
		{FAC9396A-0239-4884-BCCD-BAA60A9DAEB7}.Debug|Any CPU.Build.0 = Debug|Any CPU
		{FAC9396A-0239-4884-BCCD-BAA60A9DAEB7}.Release|Any CPU.ActiveCfg = Release|Any CPU
		{FAC9396A-0239-4884-BCCD-BAA60A9DAEB7}.Release|Any CPU.Build.0 = Release|Any CPU
	EndGlobalSection
	GlobalSection(SolutionProperties) = preSolution
		HideSolutionNode = FALSE
	EndGlobalSection
	GlobalSection(ExtensibilityGlobals) = postSolution
		SolutionGuid = {8BE8A230-91B9-4FE4-9B47-836E5AF67086}
	EndGlobalSection
EndGlobal
